
Microsoft Visual Studio Solution File, Format Version 12.00
# Visual Studio 15
VisualStudioVersion = 15.0.27130.0
MinimumVisualStudioVersion = 10.0.40219.1
Project("{2150E333-8FDC-42A3-9474-1A3956D46DE8}") = "library", "library", "{B83DC544-8337-4556-A860-67FCF948F1ED}"
EndProject
Project("{FAE04EC0-301F-11D3-BF4B-00C04F79EFBC}") = "SampleApp.Android", "SampleApp.Android\SampleApp.Android.csproj", "{AEAD0C02-4A1E-4F8B-B039-AC6EB434C42D}"
EndProject
Project("{FAE04EC0-301F-11D3-BF4B-00C04F79EFBC}") = "SampleApp.iOS", "SampleApp.iOS\SampleApp.iOS.csproj", "{4205789D-7F38-40BE-B9FF-BE477BED0650}"
EndProject
Project("{FAE04EC0-301F-11D3-BF4B-00C04F79EFBC}") = "SampleApp.UWP", "SampleApp.UWP\SampleApp.UWP.csproj", "{82C718AB-7D6C-4AAB-956D-D60685752DE3}"
EndProject
Project("{9A19103F-16F7-4668-BE54-9A1E7A4F7556}") = "SampleApp", "SampleApp\SampleApp.csproj", "{B49FB18A-0593-4E26-A21C-83013EA6FE0C}"
EndProject
Project("{9A19103F-16F7-4668-BE54-9A1E7A4F7556}") = "Library", "..\library\Library\Library.csproj", "{7A8CCA9E-3CC8-4883-A6F2-F9F43E543740}"
EndProject
Global
	GlobalSection(SolutionConfigurationPlatforms) = preSolution
		Debug|Any CPU = Debug|Any CPU
		Debug|ARM = Debug|ARM
		Debug|iPhone = Debug|iPhone
		Debug|iPhoneSimulator = Debug|iPhoneSimulator
		Debug|x64 = Debug|x64
		Debug|x86 = Debug|x86
		Release|Any CPU = Release|Any CPU
		Release|ARM = Release|ARM
		Release|iPhone = Release|iPhone
		Release|iPhoneSimulator = Release|iPhoneSimulator
		Release|x64 = Release|x64
		Release|x86 = Release|x86
	EndGlobalSection
	GlobalSection(ProjectConfigurationPlatforms) = postSolution
		{AEAD0C02-4A1E-4F8B-B039-AC6EB434C42D}.Debug|Any CPU.ActiveCfg = Debug|Any CPU
		{AEAD0C02-4A1E-4F8B-B039-AC6EB434C42D}.Debug|Any CPU.Build.0 = Debug|Any CPU
		{AEAD0C02-4A1E-4F8B-B039-AC6EB434C42D}.Debug|Any CPU.Deploy.0 = Debug|Any CPU
		{AEAD0C02-4A1E-4F8B-B039-AC6EB434C42D}.Debug|ARM.ActiveCfg = Debug|Any CPU
		{AEAD0C02-4A1E-4F8B-B039-AC6EB434C42D}.Debug|ARM.Build.0 = Debug|Any CPU
		{AEAD0C02-4A1E-4F8B-B039-AC6EB434C42D}.Debug|ARM.Deploy.0 = Debug|Any CPU
		{AEAD0C02-4A1E-4F8B-B039-AC6EB434C42D}.Debug|iPhone.ActiveCfg = Debug|Any CPU
		{AEAD0C02-4A1E-4F8B-B039-AC6EB434C42D}.Debug|iPhone.Build.0 = Debug|Any CPU
		{AEAD0C02-4A1E-4F8B-B039-AC6EB434C42D}.Debug|iPhone.Deploy.0 = Debug|Any CPU
		{AEAD0C02-4A1E-4F8B-B039-AC6EB434C42D}.Debug|iPhoneSimulator.ActiveCfg = Debug|Any CPU
		{AEAD0C02-4A1E-4F8B-B039-AC6EB434C42D}.Debug|iPhoneSimulator.Build.0 = Debug|Any CPU
		{AEAD0C02-4A1E-4F8B-B039-AC6EB434C42D}.Debug|iPhoneSimulator.Deploy.0 = Debug|Any CPU
		{AEAD0C02-4A1E-4F8B-B039-AC6EB434C42D}.Debug|x64.ActiveCfg = Debug|Any CPU
		{AEAD0C02-4A1E-4F8B-B039-AC6EB434C42D}.Debug|x64.Build.0 = Debug|Any CPU
		{AEAD0C02-4A1E-4F8B-B039-AC6EB434C42D}.Debug|x64.Deploy.0 = Debug|Any CPU
		{AEAD0C02-4A1E-4F8B-B039-AC6EB434C42D}.Debug|x86.ActiveCfg = Debug|Any CPU
		{AEAD0C02-4A1E-4F8B-B039-AC6EB434C42D}.Debug|x86.Build.0 = Debug|Any CPU
		{AEAD0C02-4A1E-4F8B-B039-AC6EB434C42D}.Debug|x86.Deploy.0 = Debug|Any CPU
		{AEAD0C02-4A1E-4F8B-B039-AC6EB434C42D}.Release|Any CPU.ActiveCfg = Release|Any CPU
		{AEAD0C02-4A1E-4F8B-B039-AC6EB434C42D}.Release|Any CPU.Build.0 = Release|Any CPU
		{AEAD0C02-4A1E-4F8B-B039-AC6EB434C42D}.Release|Any CPU.Deploy.0 = Release|Any CPU
		{AEAD0C02-4A1E-4F8B-B039-AC6EB434C42D}.Release|ARM.ActiveCfg = Release|Any CPU
		{AEAD0C02-4A1E-4F8B-B039-AC6EB434C42D}.Release|ARM.Build.0 = Release|Any CPU
		{AEAD0C02-4A1E-4F8B-B039-AC6EB434C42D}.Release|ARM.Deploy.0 = Release|Any CPU
		{AEAD0C02-4A1E-4F8B-B039-AC6EB434C42D}.Release|iPhone.ActiveCfg = Release|Any CPU
		{AEAD0C02-4A1E-4F8B-B039-AC6EB434C42D}.Release|iPhone.Build.0 = Release|Any CPU
		{AEAD0C02-4A1E-4F8B-B039-AC6EB434C42D}.Release|iPhone.Deploy.0 = Release|Any CPU
		{AEAD0C02-4A1E-4F8B-B039-AC6EB434C42D}.Release|iPhoneSimulator.ActiveCfg = Release|Any CPU
		{AEAD0C02-4A1E-4F8B-B039-AC6EB434C42D}.Release|iPhoneSimulator.Build.0 = Release|Any CPU
		{AEAD0C02-4A1E-4F8B-B039-AC6EB434C42D}.Release|iPhoneSimulator.Deploy.0 = Release|Any CPU
		{AEAD0C02-4A1E-4F8B-B039-AC6EB434C42D}.Release|x64.ActiveCfg = Release|Any CPU
		{AEAD0C02-4A1E-4F8B-B039-AC6EB434C42D}.Release|x64.Build.0 = Release|Any CPU
		{AEAD0C02-4A1E-4F8B-B039-AC6EB434C42D}.Release|x64.Deploy.0 = Release|Any CPU
		{AEAD0C02-4A1E-4F8B-B039-AC6EB434C42D}.Release|x86.ActiveCfg = Release|Any CPU
		{AEAD0C02-4A1E-4F8B-B039-AC6EB434C42D}.Release|x86.Build.0 = Release|Any CPU
		{AEAD0C02-4A1E-4F8B-B039-AC6EB434C42D}.Release|x86.Deploy.0 = Release|Any CPU
		{4205789D-7F38-40BE-B9FF-BE477BED0650}.Debug|Any CPU.ActiveCfg = Debug|iPhoneSimulator
		{4205789D-7F38-40BE-B9FF-BE477BED0650}.Debug|Any CPU.Build.0 = Debug|iPhoneSimulator
		{4205789D-7F38-40BE-B9FF-BE477BED0650}.Debug|ARM.ActiveCfg = Debug|iPhone
		{4205789D-7F38-40BE-B9FF-BE477BED0650}.Debug|ARM.Build.0 = Debug|iPhone
		{4205789D-7F38-40BE-B9FF-BE477BED0650}.Debug|iPhone.ActiveCfg = Debug|iPhone
		{4205789D-7F38-40BE-B9FF-BE477BED0650}.Debug|iPhone.Build.0 = Debug|iPhone
		{4205789D-7F38-40BE-B9FF-BE477BED0650}.Debug|iPhoneSimulator.ActiveCfg = Debug|iPhoneSimulator
		{4205789D-7F38-40BE-B9FF-BE477BED0650}.Debug|iPhoneSimulator.Build.0 = Debug|iPhoneSimulator
		{4205789D-7F38-40BE-B9FF-BE477BED0650}.Debug|x64.ActiveCfg = Debug|iPhoneSimulator
		{4205789D-7F38-40BE-B9FF-BE477BED0650}.Debug|x64.Build.0 = Debug|iPhoneSimulator
		{4205789D-7F38-40BE-B9FF-BE477BED0650}.Debug|x86.ActiveCfg = Debug|iPhoneSimulator
		{4205789D-7F38-40BE-B9FF-BE477BED0650}.Debug|x86.Build.0 = Debug|iPhoneSimulator
		{4205789D-7F38-40BE-B9FF-BE477BED0650}.Release|Any CPU.ActiveCfg = Release|iPhoneSimulator
		{4205789D-7F38-40BE-B9FF-BE477BED0650}.Release|Any CPU.Build.0 = Release|iPhoneSimulator
		{4205789D-7F38-40BE-B9FF-BE477BED0650}.Release|ARM.ActiveCfg = Release|iPhone
		{4205789D-7F38-40BE-B9FF-BE477BED0650}.Release|ARM.Build.0 = Release|iPhone
		{4205789D-7F38-40BE-B9FF-BE477BED0650}.Release|iPhone.ActiveCfg = Release|iPhone
		{4205789D-7F38-40BE-B9FF-BE477BED0650}.Release|iPhone.Build.0 = Release|iPhone
		{4205789D-7F38-40BE-B9FF-BE477BED0650}.Release|iPhoneSimulator.ActiveCfg = Release|iPhoneSimulator
		{4205789D-7F38-40BE-B9FF-BE477BED0650}.Release|iPhoneSimulator.Build.0 = Release|iPhoneSimulator
		{4205789D-7F38-40BE-B9FF-BE477BED0650}.Release|x64.ActiveCfg = Release|iPhoneSimulator
		{4205789D-7F38-40BE-B9FF-BE477BED0650}.Release|x64.Build.0 = Release|iPhoneSimulator
		{4205789D-7F38-40BE-B9FF-BE477BED0650}.Release|x86.ActiveCfg = Release|iPhoneSimulator
		{4205789D-7F38-40BE-B9FF-BE477BED0650}.Release|x86.Build.0 = Release|iPhoneSimulator
		{82C718AB-7D6C-4AAB-956D-D60685752DE3}.Debug|Any CPU.ActiveCfg = Debug|x86
		{82C718AB-7D6C-4AAB-956D-D60685752DE3}.Debug|Any CPU.Build.0 = Debug|x86
		{82C718AB-7D6C-4AAB-956D-D60685752DE3}.Debug|Any CPU.Deploy.0 = Debug|x86
		{82C718AB-7D6C-4AAB-956D-D60685752DE3}.Debug|ARM.ActiveCfg = Debug|ARM
		{82C718AB-7D6C-4AAB-956D-D60685752DE3}.Debug|ARM.Build.0 = Debug|ARM
		{82C718AB-7D6C-4AAB-956D-D60685752DE3}.Debug|ARM.Deploy.0 = Debug|ARM
		{82C718AB-7D6C-4AAB-956D-D60685752DE3}.Debug|iPhone.ActiveCfg = Debug|ARM
		{82C718AB-7D6C-4AAB-956D-D60685752DE3}.Debug|iPhone.Build.0 = Debug|ARM
		{82C718AB-7D6C-4AAB-956D-D60685752DE3}.Debug|iPhone.Deploy.0 = Debug|ARM
		{82C718AB-7D6C-4AAB-956D-D60685752DE3}.Debug|iPhoneSimulator.ActiveCfg = Debug|x86
		{82C718AB-7D6C-4AAB-956D-D60685752DE3}.Debug|iPhoneSimulator.Build.0 = Debug|x86
		{82C718AB-7D6C-4AAB-956D-D60685752DE3}.Debug|iPhoneSimulator.Deploy.0 = Debug|x86
		{82C718AB-7D6C-4AAB-956D-D60685752DE3}.Debug|x64.ActiveCfg = Debug|x64
		{82C718AB-7D6C-4AAB-956D-D60685752DE3}.Debug|x64.Build.0 = Debug|x64
		{82C718AB-7D6C-4AAB-956D-D60685752DE3}.Debug|x64.Deploy.0 = Debug|x64
		{82C718AB-7D6C-4AAB-956D-D60685752DE3}.Debug|x86.ActiveCfg = Debug|x86
		{82C718AB-7D6C-4AAB-956D-D60685752DE3}.Debug|x86.Build.0 = Debug|x86
		{82C718AB-7D6C-4AAB-956D-D60685752DE3}.Debug|x86.Deploy.0 = Debug|x86
		{82C718AB-7D6C-4AAB-956D-D60685752DE3}.Release|Any CPU.ActiveCfg = Release|x86
		{82C718AB-7D6C-4AAB-956D-D60685752DE3}.Release|Any CPU.Build.0 = Release|x86
		{82C718AB-7D6C-4AAB-956D-D60685752DE3}.Release|Any CPU.Deploy.0 = Release|x86
		{82C718AB-7D6C-4AAB-956D-D60685752DE3}.Release|ARM.ActiveCfg = Release|ARM
		{82C718AB-7D6C-4AAB-956D-D60685752DE3}.Release|ARM.Build.0 = Release|ARM
		{82C718AB-7D6C-4AAB-956D-D60685752DE3}.Release|ARM.Deploy.0 = Release|ARM
		{82C718AB-7D6C-4AAB-956D-D60685752DE3}.Release|iPhone.ActiveCfg = Release|ARM
		{82C718AB-7D6C-4AAB-956D-D60685752DE3}.Release|iPhone.Build.0 = Release|ARM
		{82C718AB-7D6C-4AAB-956D-D60685752DE3}.Release|iPhone.Deploy.0 = Release|ARM
		{82C718AB-7D6C-4AAB-956D-D60685752DE3}.Release|iPhoneSimulator.ActiveCfg = Release|x86
		{82C718AB-7D6C-4AAB-956D-D60685752DE3}.Release|iPhoneSimulator.Build.0 = Release|x86
		{82C718AB-7D6C-4AAB-956D-D60685752DE3}.Release|iPhoneSimulator.Deploy.0 = Release|x86
		{82C718AB-7D6C-4AAB-956D-D60685752DE3}.Release|x64.ActiveCfg = Release|x64
		{82C718AB-7D6C-4AAB-956D-D60685752DE3}.Release|x64.Build.0 = Release|x64
		{82C718AB-7D6C-4AAB-956D-D60685752DE3}.Release|x64.Deploy.0 = Release|x64
		{82C718AB-7D6C-4AAB-956D-D60685752DE3}.Release|x86.ActiveCfg = Release|x86
		{82C718AB-7D6C-4AAB-956D-D60685752DE3}.Release|x86.Build.0 = Release|x86
		{82C718AB-7D6C-4AAB-956D-D60685752DE3}.Release|x86.Deploy.0 = Release|x86
		{B49FB18A-0593-4E26-A21C-83013EA6FE0C}.Debug|Any CPU.ActiveCfg = Debug|Any CPU
		{B49FB18A-0593-4E26-A21C-83013EA6FE0C}.Debug|Any CPU.Build.0 = Debug|Any CPU
		{B49FB18A-0593-4E26-A21C-83013EA6FE0C}.Debug|ARM.ActiveCfg = Debug|Any CPU
		{B49FB18A-0593-4E26-A21C-83013EA6FE0C}.Debug|ARM.Build.0 = Debug|Any CPU
		{B49FB18A-0593-4E26-A21C-83013EA6FE0C}.Debug|iPhone.ActiveCfg = Debug|Any CPU
		{B49FB18A-0593-4E26-A21C-83013EA6FE0C}.Debug|iPhone.Build.0 = Debug|Any CPU
		{B49FB18A-0593-4E26-A21C-83013EA6FE0C}.Debug|iPhoneSimulator.ActiveCfg = Debug|Any CPU
		{B49FB18A-0593-4E26-A21C-83013EA6FE0C}.Debug|iPhoneSimulator.Build.0 = Debug|Any CPU
		{B49FB18A-0593-4E26-A21C-83013EA6FE0C}.Debug|x64.ActiveCfg = Debug|Any CPU
		{B49FB18A-0593-4E26-A21C-83013EA6FE0C}.Debug|x64.Build.0 = Debug|Any CPU
		{B49FB18A-0593-4E26-A21C-83013EA6FE0C}.Debug|x86.ActiveCfg = Debug|Any CPU
		{B49FB18A-0593-4E26-A21C-83013EA6FE0C}.Debug|x86.Build.0 = Debug|Any CPU
		{B49FB18A-0593-4E26-A21C-83013EA6FE0C}.Release|Any CPU.ActiveCfg = Release|Any CPU
		{B49FB18A-0593-4E26-A21C-83013EA6FE0C}.Release|Any CPU.Build.0 = Release|Any CPU
		{B49FB18A-0593-4E26-A21C-83013EA6FE0C}.Release|ARM.ActiveCfg = Release|Any CPU
		{B49FB18A-0593-4E26-A21C-83013EA6FE0C}.Release|ARM.Build.0 = Release|Any CPU
		{B49FB18A-0593-4E26-A21C-83013EA6FE0C}.Release|iPhone.ActiveCfg = Release|Any CPU
		{B49FB18A-0593-4E26-A21C-83013EA6FE0C}.Release|iPhone.Build.0 = Release|Any CPU
		{B49FB18A-0593-4E26-A21C-83013EA6FE0C}.Release|iPhoneSimulator.ActiveCfg = Release|Any CPU
		{B49FB18A-0593-4E26-A21C-83013EA6FE0C}.Release|iPhoneSimulator.Build.0 = Release|Any CPU
		{B49FB18A-0593-4E26-A21C-83013EA6FE0C}.Release|x64.ActiveCfg = Release|Any CPU
		{B49FB18A-0593-4E26-A21C-83013EA6FE0C}.Release|x64.Build.0 = Release|Any CPU
		{B49FB18A-0593-4E26-A21C-83013EA6FE0C}.Release|x86.ActiveCfg = Release|Any CPU
		{B49FB18A-0593-4E26-A21C-83013EA6FE0C}.Release|x86.Build.0 = Release|Any CPU
		{7A8CCA9E-3CC8-4883-A6F2-F9F43E543740}.Debug|Any CPU.ActiveCfg = Debug|Any CPU
		{7A8CCA9E-3CC8-4883-A6F2-F9F43E543740}.Debug|Any CPU.Build.0 = Debug|Any CPU
		{7A8CCA9E-3CC8-4883-A6F2-F9F43E543740}.Debug|ARM.ActiveCfg = Debug|Any CPU
		{7A8CCA9E-3CC8-4883-A6F2-F9F43E543740}.Debug|ARM.Build.0 = Debug|Any CPU
		{7A8CCA9E-3CC8-4883-A6F2-F9F43E543740}.Debug|iPhone.ActiveCfg = Debug|Any CPU
		{7A8CCA9E-3CC8-4883-A6F2-F9F43E543740}.Debug|iPhone.Build.0 = Debug|Any CPU
		{7A8CCA9E-3CC8-4883-A6F2-F9F43E543740}.Debug|iPhoneSimulator.ActiveCfg = Debug|Any CPU
		{7A8CCA9E-3CC8-4883-A6F2-F9F43E543740}.Debug|iPhoneSimulator.Build.0 = Debug|Any CPU
		{7A8CCA9E-3CC8-4883-A6F2-F9F43E543740}.Debug|x64.ActiveCfg = Debug|Any CPU
		{7A8CCA9E-3CC8-4883-A6F2-F9F43E543740}.Debug|x64.Build.0 = Debug|Any CPU
		{7A8CCA9E-3CC8-4883-A6F2-F9F43E543740}.Debug|x86.ActiveCfg = Debug|Any CPU
		{7A8CCA9E-3CC8-4883-A6F2-F9F43E543740}.Debug|x86.Build.0 = Debug|Any CPU
		{7A8CCA9E-3CC8-4883-A6F2-F9F43E543740}.Release|Any CPU.ActiveCfg = Release|Any CPU
		{7A8CCA9E-3CC8-4883-A6F2-F9F43E543740}.Release|Any CPU.Build.0 = Release|Any CPU
		{7A8CCA9E-3CC8-4883-A6F2-F9F43E543740}.Release|ARM.ActiveCfg = Release|Any CPU
		{7A8CCA9E-3CC8-4883-A6F2-F9F43E543740}.Release|ARM.Build.0 = Release|Any CPU
		{7A8CCA9E-3CC8-4883-A6F2-F9F43E543740}.Release|iPhone.ActiveCfg = Release|Any CPU
		{7A8CCA9E-3CC8-4883-A6F2-F9F43E543740}.Release|iPhone.Build.0 = Release|Any CPU
		{7A8CCA9E-3CC8-4883-A6F2-F9F43E543740}.Release|iPhoneSimulator.ActiveCfg = Release|Any CPU
		{7A8CCA9E-3CC8-4883-A6F2-F9F43E543740}.Release|iPhoneSimulator.Build.0 = Release|Any CPU
		{7A8CCA9E-3CC8-4883-A6F2-F9F43E543740}.Release|x64.ActiveCfg = Release|Any CPU
		{7A8CCA9E-3CC8-4883-A6F2-F9F43E543740}.Release|x64.Build.0 = Release|Any CPU
		{7A8CCA9E-3CC8-4883-A6F2-F9F43E543740}.Release|x86.ActiveCfg = Release|Any CPU
		{7A8CCA9E-3CC8-4883-A6F2-F9F43E543740}.Release|x86.Build.0 = Release|Any CPU
	EndGlobalSection
	GlobalSection(SolutionProperties) = preSolution
		HideSolutionNode = FALSE
	EndGlobalSection
	GlobalSection(NestedProjects) = preSolution
		{7A8CCA9E-3CC8-4883-A6F2-F9F43E543740} = {B83DC544-8337-4556-A860-67FCF948F1ED}
	EndGlobalSection
	GlobalSection(ExtensibilityGlobals) = postSolution
		SolutionGuid = {46191B92-9A60-48C7-A003-BCD06E9BA964}
	EndGlobalSection
EndGlobal
